
Microsoft Visual Studio Solution File, Format Version 12.00
# Visual Studio Version 17
VisualStudioVersion = 17.14.36212.18
MinimumVisualStudioVersion = 10.0.40219.1
Project("{FAE04EC0-301F-11D3-BF4B-00C04F79EFBC}") = "portfolio-blazor-v2", "portfolio-blazor-v2\portfolio-blazor-v2\portfolio-blazor-v2.csproj", "{0EA594CD-F473-446F-A33C-D1F71DDF5ADB}"
EndProject
Project("{FAE04EC0-301F-11D3-BF4B-00C04F79EFBC}") = "portfolio-blazor-v2.Client", "portfolio-blazor-v2\portfolio-blazor-v2.Client\portfolio-blazor-v2.Client.csproj", "{3F396C27-B384-4259-A0B0-1CFD68D0A8E9}"
EndProject
Global
	GlobalSection(SolutionConfigurationPlatforms) = preSolution
		Debug|Any CPU = Debug|Any CPU
		Release|Any CPU = Release|Any CPU
	EndGlobalSection
	GlobalSection(ProjectConfigurationPlatforms) = postSolution
		{0EA594CD-F473-446F-A33C-D1F71DDF5ADB}.Debug|Any CPU.ActiveCfg = Debug|Any CPU
		{0EA594CD-F473-446F-A33C-D1F71DDF5ADB}.Debug|Any CPU.Build.0 = Debug|Any CPU
		{0EA594CD-F473-446F-A33C-D1F71DDF5ADB}.Release|Any CPU.ActiveCfg = Release|Any CPU
		{0EA594CD-F473-446F-A33C-D1F71DDF5ADB}.Release|Any CPU.Build.0 = Release|Any CPU
		{3F396C27-B384-4259-A0B0-1CFD68D0A8E9}.Debug|Any CPU.ActiveCfg = Debug|Any CPU
		{3F396C27-B384-4259-A0B0-1CFD68D0A8E9}.Debug|Any CPU.Build.0 = Debug|Any CPU
		{3F396C27-B384-4259-A0B0-1CFD68D0A8E9}.Release|Any CPU.ActiveCfg = Release|Any CPU
		{3F396C27-B384-4259-A0B0-1CFD68D0A8E9}.Release|Any CPU.Build.0 = Release|Any CPU
	EndGlobalSection
	GlobalSection(SolutionProperties) = preSolution
		HideSolutionNode = FALSE
	EndGlobalSection
	GlobalSection(ExtensibilityGlobals) = postSolution
		SolutionGuid = {699544AE-D56F-431D-A7A5-99BCB273C129}
	EndGlobalSection
EndGlobal
